
Microsoft Visual Studio Solution File, Format Version 12.00
# Visual Studio 15
VisualStudioVersion = 15.0.26430.4
MinimumVisualStudioVersion = 10.0.40219.1
Project("{FAE04EC0-301F-11D3-BF4B-00C04F79EFBC}") = "Xrm.Sports.Plugins", "Xrm.Sports.Plugins\Xrm.Sports.Plugins.csproj", "{899B2694-33DB-431D-9799-3809FF71F987}"
EndProject
Project("{FAE04EC0-301F-11D3-BF4B-00C04F79EFBC}") = "Xrm.Sports.PluginsTests", "Xrm.Sports.PluginsTests\Xrm.Sports.PluginsTests.csproj", "{4A334DDA-9F14-4F14-AE49-8650300DDB29}"
EndProject
Global
	GlobalSection(SolutionConfigurationPlatforms) = preSolution
		Debug|Any CPU = Debug|Any CPU
		Release|Any CPU = Release|Any CPU
	EndGlobalSection
	GlobalSection(ProjectConfigurationPlatforms) = postSolution
		{899B2694-33DB-431D-9799-3809FF71F987}.Debug|Any CPU.ActiveCfg = Debug|Any CPU
		{899B2694-33DB-431D-9799-3809FF71F987}.Debug|Any CPU.Build.0 = Debug|Any CPU
		{899B2694-33DB-431D-9799-3809FF71F987}.Release|Any CPU.ActiveCfg = Release|Any CPU
		{899B2694-33DB-431D-9799-3809FF71F987}.Release|Any CPU.Build.0 = Release|Any CPU
		{4A334DDA-9F14-4F14-AE49-8650300DDB29}.Debug|Any CPU.ActiveCfg = Debug|Any CPU
		{4A334DDA-9F14-4F14-AE49-8650300DDB29}.Debug|Any CPU.Build.0 = Debug|Any CPU
		{4A334DDA-9F14-4F14-AE49-8650300DDB29}.Release|Any CPU.ActiveCfg = Release|Any CPU
		{4A334DDA-9F14-4F14-AE49-8650300DDB29}.Release|Any CPU.Build.0 = Release|Any CPU
	EndGlobalSection
	GlobalSection(SolutionProperties) = preSolution
		HideSolutionNode = FALSE
	EndGlobalSection
EndGlobal
